
Microsoft Visual Studio Solution File, Format Version 12.00
# Visual Studio Version 17
VisualStudioVersion = 17.11.35312.102
MinimumVisualStudioVersion = 10.0.40219.1
Project("{FAE04EC0-301F-11D3-BF4B-00C04F79EFBC}") = "cv_site", "cv_site\cv_site.csproj", "{AAF755BD-C50B-49B3-9053-78FCC761E93C}"
EndProject
Project("{FAE04EC0-301F-11D3-BF4B-00C04F79EFBC}") = "Service", "Service\Service.csproj", "{C621B4E4-06C3-4CB7-8888-1DD591607E0E}"
EndProject
Global
	GlobalSection(SolutionConfigurationPlatforms) = preSolution
		Debug|Any CPU = Debug|Any CPU
		Release|Any CPU = Release|Any CPU
	EndGlobalSection
	GlobalSection(ProjectConfigurationPlatforms) = postSolution
		{AAF755BD-C50B-49B3-9053-78FCC761E93C}.Debug|Any CPU.ActiveCfg = Debug|Any CPU
		{AAF755BD-C50B-49B3-9053-78FCC761E93C}.Debug|Any CPU.Build.0 = Debug|Any CPU
		{AAF755BD-C50B-49B3-9053-78FCC761E93C}.Release|Any CPU.ActiveCfg = Release|Any CPU
		{AAF755BD-C50B-49B3-9053-78FCC761E93C}.Release|Any CPU.Build.0 = Release|Any CPU
		{C621B4E4-06C3-4CB7-8888-1DD591607E0E}.Debug|Any CPU.ActiveCfg = Debug|Any CPU
		{C621B4E4-06C3-4CB7-8888-1DD591607E0E}.Debug|Any CPU.Build.0 = Debug|Any CPU
		{C621B4E4-06C3-4CB7-8888-1DD591607E0E}.Release|Any CPU.ActiveCfg = Release|Any CPU
		{C621B4E4-06C3-4CB7-8888-1DD591607E0E}.Release|Any CPU.Build.0 = Release|Any CPU
	EndGlobalSection
	GlobalSection(SolutionProperties) = preSolution
		HideSolutionNode = FALSE
	EndGlobalSection
	GlobalSection(ExtensibilityGlobals) = postSolution
		SolutionGuid = {647D51BD-E58D-4762-BAF7-A4C6D66EEAD2}
	EndGlobalSection
EndGlobal
